
Microsoft Visual Studio Solution File, Format Version 12.00
# Visual Studio Version 17
VisualStudioVersion = 17.7.34221.43
MinimumVisualStudioVersion = 10.0.40219.1
Project("{FAE04EC0-301F-11D3-BF4B-00C04F79EFBC}") = "KarateSchool", "KarateSchool.csproj", "{C9809071-94A7-489A-8519-744043BFC45E}"
EndProject
Global
	GlobalSection(SolutionConfigurationPlatforms) = preSolution
		Debug|Any CPU = Debug|Any CPU
		Release|Any CPU = Release|Any CPU
	EndGlobalSection
	GlobalSection(ProjectConfigurationPlatforms) = postSolution
		{C9809071-94A7-489A-8519-744043BFC45E}.Debug|Any CPU.ActiveCfg = Debug|Any CPU
		{C9809071-94A7-489A-8519-744043BFC45E}.Debug|Any CPU.Build.0 = Debug|Any CPU
		{C9809071-94A7-489A-8519-744043BFC45E}.Release|Any CPU.ActiveCfg = Release|Any CPU
		{C9809071-94A7-489A-8519-744043BFC45E}.Release|Any CPU.Build.0 = Release|Any CPU
	EndGlobalSection
	GlobalSection(SolutionProperties) = preSolution
		HideSolutionNode = FALSE
	EndGlobalSection
	GlobalSection(ExtensibilityGlobals) = postSolution
		SolutionGuid = {5142642D-2506-4AD9-B781-0A57E9FDCDD9}
	EndGlobalSection
EndGlobal
